# THIS IS AN AUTOGENERATED FILE. DO NOT EDIT THIS FILE DIRECTLY.
# yarn lockfile v1


javascript-time-ago@^2.0.7:
  version "2.0.7"
  resolved "https://registry.yarnpkg.com/javascript-time-ago/-/javascript-time-ago-2.0.7.tgz#ed3e4cfae7059d1c3ecc0e7fc253427f0e120636"
  integrity sha512-NjM8FNqY91lciAE4bIm6KBW1efDt+0T6+08erwaQRu6SzLov8fJ6623LcyxnBN/Xtf4q9O4s5AMxPtStaNz0rA==
  dependencies:
    relative-time-format "^0.1.3"

relative-time-format@^0.1.3:
  version "0.1.3"
  resolved "https://registry.yarnpkg.com/relative-time-format/-/relative-time-format-0.1.3.tgz#d50f49d13f97c7f801afba600b1a4a0890755df2"
  integrity sha512-0O6i4fKjsx8qhz57zorG+LrIDnF9pSvP5s7H9R1Nb5nSqih5dvRyKzNKs6MxhL3bv4iwsz4DuDwAyw+c47QFIA==
